// !$*UTF8*$!
{
	archiveVersion = 1;
	classes = {
	};
	objectVersion = 55;
	objects = {

/* Begin PBXBuildFile section */
		491BD68A27BDE5F300B698C2 /* Weather_SwiftUIApp.swift in Sources */ = {isa = PBXBuildFile; fileRef = 491BD68927BDE5F300B698C2 /* Weather_SwiftUIApp.swift */; };
		491BD68C27BDE5F300B698C2 /* ContentView.swift in Sources */ = {isa = PBXBuildFile; fileRef = 491BD68B27BDE5F300B698C2 /* ContentView.swift */; };
		491BD68E27BDE5F800B698C2 /* Assets.xcassets in Resources */ = {isa = PBXBuildFile; fileRef = 491BD68D27BDE5F800B698C2 /* Assets.xcassets */; };
		491BD69127BDE5F800B698C2 /* Preview Assets.xcassets in Resources */ = {isa = PBXBuildFile; fileRef = 491BD69027BDE5F800B698C2 /* Preview Assets.xcassets */; };
		491BD69B27BDE5F800B698C2 /* Weather_SwiftUITests.swift in Sources */ = {isa = PBXBuildFile; fileRef = 491BD69A27BDE5F800B698C2 /* Weather_SwiftUITests.swift */; };
		491BD6A527BDE5F800B698C2 /* Weather_SwiftUIUITests.swift in Sources */ = {isa = PBXBuildFile; fileRef = 491BD6A427BDE5F800B698C2 /* Weather_SwiftUIUITests.swift */; };
		491BD6A727BDE5F800B698C2 /* Weather_SwiftUIUITestsLaunchTests.swift in Sources */ = {isa = PBXBuildFile; fileRef = 491BD6A627BDE5F800B698C2 /* Weather_SwiftUIUITestsLaunchTests.swift */; };
/* End PBXBuildFile section */

/* Begin PBXContainerItemProxy section */
		491BD69727BDE5F800B698C2 /* PBXContainerItemProxy */ = {
			isa = PBXContainerItemProxy;
			containerPortal = 491BD67E27BDE5F200B698C2 /* Project object */;
			proxyType = 1;
			remoteGlobalIDString = 491BD68527BDE5F200B698C2;
			remoteInfo = "Weather SwiftUI";
		};
		491BD6A127BDE5F800B698C2 /* PBXContainerItemProxy */ = {
			isa = PBXContainerItemProxy;
			containerPortal = 491BD67E27BDE5F200B698C2 /* Project object */;
			proxyType = 1;
			remoteGlobalIDString = 491BD68527BDE5F200B698C2;
			remoteInfo = "Weather SwiftUI";
		};
/* End PBXContainerItemProxy section */

/* Begin PBXFileReference section */
		491BD68627BDE5F200B698C2 /* Weather SwiftUI.app */ = {isa = PBXFileReference; explicitFileType = wrapper.application; includeInIndex = 0; path = "Weather SwiftUI.app"; sourceTree = BUILT_PRODUCTS_DIR; };
		491BD68927BDE5F300B698C2 /* Weather_SwiftUIApp.swift */ = {isa = PBXFileReference; lastKnownFileType = sourcecode.swift; path = Weather_SwiftUIApp.swift; sourceTree = "<group>"; };
		491BD68B27BDE5F300B698C2 /* ContentView.swift */ = {isa = PBXFileReference; lastKnownFileType = sourcecode.swift; path = ContentView.swift; sourceTree = "<group>"; };
		491BD68D27BDE5F800B698C2 /* Assets.xcassets */ = {isa = PBXFileReference; lastKnownFileType = folder.assetcatalog; path = Assets.xcassets; sourceTree = "<group>"; };
		491BD69027BDE5F800B698C2 /* Preview Assets.xcassets */ = {isa = PBXFileReference; lastKnownFileType = folder.assetcatalog; path = "Preview Assets.xcassets"; sourceTree = "<group>"; };
		491BD69627BDE5F800B698C2 /* Weather SwiftUITests.xctest */ = {isa = PBXFileReference; explicitFileType = wrapper.cfbundle; includeInIndex = 0; path = "Weather SwiftUITests.xctest"; sourceTree = BUILT_PRODUCTS_DIR; };
		491BD69A27BDE5F800B698C2 /* Weather_SwiftUITests.swift */ = {isa = PBXFileReference; lastKnownFileType = sourcecode.swift; path = Weather_SwiftUITests.swift; sourceTree = "<group>"; };
		491BD6A027BDE5F800B698C2 /* Weather SwiftUIUITests.xctest */ = {isa = PBXFileReference; explicitFileType = wrapper.cfbundle; includeInIndex = 0; path = "Weather SwiftUIUITests.xctest"; sourceTree = BUILT_PRODUCTS_DIR; };
		491BD6A427BDE5F800B698C2 /* Weather_SwiftUIUITests.swift */ = {isa = PBXFileReference; lastKnownFileType = sourcecode.swift; path = Weather_SwiftUIUITests.swift; sourceTree = "<group>"; };
		491BD6A627BDE5F800B698C2 /* Weather_SwiftUIUITestsLaunchTests.swift */ = {isa = PBXFileReference; lastKnownFileType = sourcecode.swift; path = Weather_SwiftUIUITestsLaunchTests.swift; sourceTree = "<group>"; };
/* End PBXFileReference section */

/* Begin PBXFrameworksBuildPhase section */
		491BD68327BDE5F200B698C2 /* Frameworks */ = {
			isa = PBXFrameworksBuildPhase;
			buildActionMask = 2147483647;
			files = (
			);
			runOnlyForDeploymentPostprocessing = 0;
		};
		491BD69327BDE5F800B698C2 /* Frameworks */ = {
			isa = PBXFrameworksBuildPhase;
			buildActionMask = 2147483647;
			files = (
			);
			runOnlyForDeploymentPostprocessing = 0;
		};
		491BD69D27BDE5F800B698C2 /* Frameworks */ = {
			isa = PBXFrameworksBuildPhase;
			buildActionMask = 2147483647;
			files = (
			);
			runOnlyForDeploymentPostprocessing = 0;
		};
/* End PBXFrameworksBuildPhase section */

/* Begin PBXGroup section */
		491BD67D27BDE5F200B698C2 = {
			isa = PBXGroup;
			children = (
				491BD68827BDE5F200B698C2 /* Weather SwiftUI */,
				491BD69927BDE5F800B698C2 /* Weather SwiftUITests */,
				491BD6A327BDE5F800B698C2 /* Weather SwiftUIUITests */,
				491BD68727BDE5F200B698C2 /* Products */,
			);
			sourceTree = "<group>";
		};
		491BD68727BDE5F200B698C2 /* Products */ = {
			isa = PBXGroup;
			children = (
				491BD68627BDE5F200B698C2 /* Weather SwiftUI.app */,
				491BD69627BDE5F800B698C2 /* Weather SwiftUITests.xctest */,
				491BD6A027BDE5F800B698C2 /* Weather SwiftUIUITests.xctest */,
			);
			name = Products;
			sourceTree = "<group>";
		};
		491BD68827BDE5F200B698C2 /* Weather SwiftUI */ = {
			isa = PBXGroup;
			children = (
				491BD68927BDE5F300B698C2 /* Weather_SwiftUIApp.swift */,
				491BD68B27BDE5F300B698C2 /* ContentView.swift */,
				491BD68D27BDE5F800B698C2 /* Assets.xcassets */,
				491BD68F27BDE5F800B698C2 /* Preview Content */,
			);
			path = "Weather SwiftUI";
			sourceTree = "<group>";
		};
		491BD68F27BDE5F800B698C2 /* Preview Content */ = {
			isa = PBXGroup;
			children = (
				491BD69027BDE5F800B698C2 /* Preview Assets.xcassets */,
			);
			path = "Preview Content";
			sourceTree = "<group>";
		};
		491BD69927BDE5F800B698C2 /* Weather SwiftUITests */ = {
			isa = PBXGroup;
			children = (
				491BD69A27BDE5F800B698C2 /* Weather_SwiftUITests.swift */,
			);
			path = "Weather SwiftUITests";
			sourceTree = "<group>";
		};
		491BD6A327BDE5F800B698C2 /* Weather SwiftUIUITests */ = {
			isa = PBXGroup;
			children = (
				491BD6A427BDE5F800B698C2 /* Weather_SwiftUIUITests.swift */,
				491BD6A627BDE5F800B698C2 /* Weather_SwiftUIUITestsLaunchTests.swift */,
			);
			path = "Weather SwiftUIUITests";
			sourceTree = "<group>";
		};
/* End PBXGroup section */

/* Begin PBXNativeTarget section */
		491BD68527BDE5F200B698C2 /* Weather SwiftUI */ = {
			isa = PBXNativeTarget;
			buildConfigurationList = 491BD6AA27BDE5F800B698C2 /* Build configuration list for PBXNativeTarget "Weather SwiftUI" */;
			buildPhases = (
				491BD68227BDE5F200B698C2 /* Sources */,
				491BD68327BDE5F200B698C2 /* Frameworks */,
				491BD68427BDE5F200B698C2 /* Resources */,
			);
			buildRules = (
			);
			dependencies = (
			);
			name = "Weather SwiftUI";
			productName = "Weather SwiftUI";
			productReference = 491BD68627BDE5F200B698C2 /* Weather SwiftUI.app */;
			productType = "com.apple.product-type.application";
		};
		491BD69527BDE5F800B698C2 /* Weather SwiftUITests */ = {
			isa = PBXNativeTarget;
			buildConfigurationList = 491BD6AD27BDE5F800B698C2 /* Build configuration list for PBXNativeTarget "Weather SwiftUITests" */;
			buildPhases = (
				491BD69227BDE5F800B698C2 /* Sources */,
				491BD69327BDE5F800B698C2 /* Frameworks */,
				491BD69427BDE5F800B698C2 /* Resources */,
			);
			buildRules = (
			);
			dependencies = (
				491BD69827BDE5F800B698C2 /* PBXTargetDependency */,
			);
			name = "Weather SwiftUITests";
			productName = "Weather SwiftUITests";
			productReference = 491BD69627BDE5F800B698C2 /* Weather SwiftUITests.xctest */;
			productType = "com.apple.product-type.bundle.unit-test";
		};
		491BD69F27BDE5F800B698C2 /* Weather SwiftUIUITests */ = {
			isa = PBXNativeTarget;
			buildConfigurationList = 491BD6B027BDE5F800B698C2 /* Build configuration list for PBXNativeTarget "Weather SwiftUIUITests" */;
			buildPhases = (
				491BD69C27BDE5F800B698C2 /* Sources */,
				491BD69D27BDE5F800B698C2 /* Frameworks */,
				491BD69E27BDE5F800B698C2 /* Resources */,
			);
			buildRules = (
			);
			dependencies = (
				491BD6A227BDE5F800B698C2 /* PBXTargetDependency */,
			);
			name = "Weather SwiftUIUITests";
			productName = "Weather SwiftUIUITests";
			productReference = 491BD6A027BDE5F800B698C2 /* Weather SwiftUIUITests.xctest */;
			productType = "com.apple.product-type.bundle.ui-testing";
		};
/* End PBXNativeTarget section */

/* Begin PBXProject section */
		491BD67E27BDE5F200B698C2 /* Project object */ = {
			isa = PBXProject;
			attributes = {
				BuildIndependentTargetsInParallel = 1;
				LastSwiftUpdateCheck = 1320;
				LastUpgradeCheck = 1320;
				TargetAttributes = {
					491BD68527BDE5F200B698C2 = {
						CreatedOnToolsVersion = 13.2.1;
					};
					491BD69527BDE5F800B698C2 = {
						CreatedOnToolsVersion = 13.2.1;
						TestTargetID = 491BD68527BDE5F200B698C2;
					};
					491BD69F27BDE5F800B698C2 = {
						CreatedOnToolsVersion = 13.2.1;
						TestTargetID = 491BD68527BDE5F200B698C2;
					};
				};
			};
			buildConfigurationList = 491BD68127BDE5F200B698C2 /* Build configuration list for PBXProject "Weather SwiftUI" */;
			compatibilityVersion = "Xcode 13.0";
			developmentRegion = en;
			hasScannedForEncodings = 0;
			knownRegions = (
				en,
				Base,
			);
			mainGroup = 491BD67D27BDE5F200B698C2;
			productRefGroup = 491BD68727BDE5F200B698C2 /* Products */;
			projectDirPath = "";
			projectRoot = "";
			targets = (
				491BD68527BDE5F200B698C2 /* Weather SwiftUI */,
				491BD69527BDE5F800B698C2 /* Weather SwiftUITests */,
				491BD69F27BDE5F800B698C2 /* Weather SwiftUIUITests */,
			);
		};
/* End PBXProject section */

/* Begin PBXResourcesBuildPhase section */
		491BD68427BDE5F200B698C2 /* Resources */ = {
			isa = PBXResourcesBuildPhase;
			buildActionMask = 2147483647;
			files = (
				491BD69127BDE5F800B698C2 /* Preview Assets.xcassets in Resources */,
				491BD68E27BDE5F800B698C2 /* Assets.xcassets in Resources */,
			);
			runOnlyForDeploymentPostprocessing = 0;
		};
		491BD69427BDE5F800B698C2 /* Resources */ = {
			isa = PBXResourcesBuildPhase;
			buildActionMask = 2147483647;
			files = (
			);
			runOnlyForDeploymentPostprocessing = 0;
		};
		491BD69E27BDE5F800B698C2 /* Resources */ = {
			isa = PBXResourcesBuildPhase;
			buildActionMask = 2147483647;
			files = (
			);
			runOnlyForDeploymentPostprocessing = 0;
		};
/* End PBXResourcesBuildPhase section */

/* Begin PBXSourcesBuildPhase section */
		491BD68227BDE5F200B698C2 /* Sources */ = {
			isa = PBXSourcesBuildPhase;
			buildActionMask = 2147483647;
			files = (
				491BD68C27BDE5F300B698C2 /* ContentView.swift in Sources */,
				491BD68A27BDE5F300B698C2 /* Weather_SwiftUIApp.swift in Sources */,
			);
			runOnlyForDeploymentPostprocessing = 0;
		};
		491BD69227BDE5F800B698C2 /* Sources */ = {
			isa = PBXSourcesBuildPhase;
			buildActionMask = 2147483647;
			files = (
				491BD69B27BDE5F800B698C2 /* Weather_SwiftUITests.swift in Sources */,
			);
			runOnlyForDeploymentPostprocessing = 0;
		};
		491BD69C27BDE5F800B698C2 /* Sources */ = {
			isa = PBXSourcesBuildPhase;
			buildActionMask = 2147483647;
			files = (
				491BD6A527BDE5F800B698C2 /* Weather_SwiftUIUITests.swift in Sources */,
				491BD6A727BDE5F800B698C2 /* Weather_SwiftUIUITestsLaunchTests.swift in Sources */,
			);
			runOnlyForDeploymentPostprocessing = 0;
		};
/* End PBXSourcesBuildPhase section */

/* Begin PBXTargetDependency section */
		491BD69827BDE5F800B698C2 /* PBXTargetDependency */ = {
			isa = PBXTargetDependency;
			target = 491BD68527BDE5F200B698C2 /* Weather SwiftUI */;
			targetProxy = 491BD69727BDE5F800B698C2 /* PBXContainerItemProxy */;
		};
		491BD6A227BDE5F800B698C2 /* PBXTargetDependency */ = {
			isa = PBXTargetDependency;
			target = 491BD68527BDE5F200B698C2 /* Weather SwiftUI */;
			targetProxy = 491BD6A127BDE5F800B698C2 /* PBXContainerItemProxy */;
		};
/* End PBXTargetDependency section */

/* Begin XCBuildConfiguration section */
		491BD6A827BDE5F800B698C2 /* Debug */ = {
			isa = XCBuildConfiguration;
			buildSettings = {
				ALWAYS_SEARCH_USER_PATHS = NO;
				CLANG_ANALYZER_NONNULL = YES;
				CLANG_ANALYZER_NUMBER_OBJECT_CONVERSION = YES_AGGRESSIVE;
				CLANG_CXX_LANGUAGE_STANDARD = "gnu++17";
				CLANG_CXX_LIBRARY = "libc++";
				CLANG_ENABLE_MODULES = YES;
				CLANG_ENABLE_OBJC_ARC = YES;
				CLANG_ENABLE_OBJC_WEAK = YES;
				CLANG_WARN_BLOCK_CAPTURE_AUTORELEASING = YES;
				CLANG_WARN_BOOL_CONVERSION = YES;
				CLANG_WARN_COMMA = YES;
				CLANG_WARN_CONSTANT_CONVERSION = YES;
				CLANG_WARN_DEPRECATED_OBJC_IMPLEMENTATIONS = YES;
				CLANG_WARN_DIRECT_OBJC_ISA_USAGE = YES_ERROR;
				CLANG_WARN_DOCUMENTATION_COMMENTS = YES;
				CLANG_WARN_EMPTY_BODY = YES;
				CLANG_WARN_ENUM_CONVERSION = YES;
				CLANG_WARN_INFINITE_RECURSION = YES;
				CLANG_WARN_INT_CONVERSION = YES;
				CLANG_WARN_NON_LITERAL_NULL_CONVERSION = YES;
				CLANG_WARN_OBJC_IMPLICIT_RETAIN_SELF = YES;
				CLANG_WARN_OBJC_LITERAL_CONVERSION = YES;
				CLANG_WARN_OBJC_ROOT_CLASS = YES_ERROR;
				CLANG_WARN_QUOTED_INCLUDE_IN_FRAMEWORK_HEADER = YES;
				CLANG_WARN_RANGE_LOOP_ANALYSIS = YES;
				CLANG_WARN_STRICT_PROTOTYPES = YES;
				CLANG_WARN_SUSPICIOUS_MOVE = YES;
				CLANG_WARN_UNGUARDED_AVAILABILITY = YES_AGGRESSIVE;
				CLANG_WARN_UNREACHABLE_CODE = YES;
				CLANG_WARN__DUPLICATE_METHOD_MATCH = YES;
				COPY_PHASE_STRIP = NO;
				DEBUG_INFORMATION_FORMAT = dwarf;
				ENABLE_STRICT_OBJC_MSGSEND = YES;
				ENABLE_TESTABILITY = YES;
				GCC_C_LANGUAGE_STANDARD = gnu11;
				GCC_DYNAMIC_NO_PIC = NO;
				GCC_NO_COMMON_BLOCKS = YES;
				GCC_OPTIMIZATION_LEVEL = 0;
				GCC_PREPROCESSOR_DEFINITIONS = (
					"DEBUG=1",
					"$(inherited)",
				);
				GCC_WARN_64_TO_32_BIT_CONVERSION = YES;
				GCC_WARN_ABOUT_RETURN_TYPE = YES_ERROR;
				GCC_WARN_UNDECLARED_SELECTOR = YES;
				GCC_WARN_UNINITIALIZED_AUTOS = YES_AGGRESSIVE;
				GCC_WARN_UNUSED_FUNCTION = YES;
				GCC_WARN_UNUSED_VARIABLE = YES;
				IPHONEOS_DEPLOYMENT_TARGET = 15.2;
				MTL_ENABLE_DEBUG_INFO = INCLUDE_SOURCE;
				MTL_FAST_MATH = YES;
				ONLY_ACTIVE_ARCH = YES;
				SDKROOT = iphoneos;
				SWIFT_ACTIVE_COMPILATION_CONDITIONS = DEBUG;
				SWIFT_OPTIMIZATION_LEVEL = "-Onone";
			};
			name = Debug;
		};
		491BD6A927BDE5F800B698C2 /* Release */ = {
			isa = XCBuildConfiguration;
			buildSettings = {
				ALWAYS_SEARCH_USER_PATHS = NO;
				CLANG_ANALYZER_NONNULL = YES;
				CLANG_ANALYZER_NUMBER_OBJECT_CONVERSION = YES_AGGRESSIVE;
				CLANG_CXX_LANGUAGE_STANDARD = "gnu++17";
				CLANG_CXX_LIBRARY = "libc++";
				CLANG_ENABLE_MODULES = YES;
				CLANG_ENABLE_OBJC_ARC = YES;
				CLANG_ENABLE_OBJC_WEAK = YES;
				CLANG_WARN_BLOCK_CAPTURE_AUTORELEASING = YES;
				CLANG_WARN_BOOL_CONVERSION = YES;
				CLANG_WARN_COMMA = YES;
				CLANG_WARN_CONSTANT_CONVERSION = YES;
				CLANG_WARN_DEPRECATED_OBJC_IMPLEMENTATIONS = YES;
				CLANG_WARN_DIRECT_OBJC_ISA_USAGE = YES_ERROR;
				CLANG_WARN_DOCUMENTATION_COMMENTS = YES;
				CLANG_WARN_EMPTY_BODY = YES;
				CLANG_WARN_ENUM_CONVERSION = YES;
				CLANG_WARN_INFINITE_RECURSION = YES;
				CLANG_WARN_INT_CONVERSION = YES;
				CLANG_WARN_NON_LITERAL_NULL_CONVERSION = YES;
				CLANG_WARN_OBJC_IMPLICIT_RETAIN_SELF = YES;
				CLANG_WARN_OBJC_LITERAL_CONVERSION = YES;
				CLANG_WARN_OBJC_ROOT_CLASS = YES_ERROR;
				CLANG_WARN_QUOTED_INCLUDE_IN_FRAMEWORK_HEADER = YES;
				CLANG_WARN_RANGE_LOOP_ANALYSIS = YES;
				CLANG_WARN_STRICT_PROTOTYPES = YES;
				CLANG_WARN_SUSPICIOUS_MOVE = YES;
				CLANG_WARN_UNGUARDED_AVAILABILITY = YES_AGGRESSIVE;
				CLANG_WARN_UNREACHABLE_CODE = YES;
				CLANG_WARN__DUPLICATE_METHOD_MATCH = YES;
				COPY_PHASE_STRIP = NO;
				DEBUG_INFORMATION_FORMAT = "dwarf-with-dsym";
				ENABLE_NS_ASSERTIONS = NO;
				ENABLE_STRICT_OBJC_MSGSEND = YES;
				GCC_C_LANGUAGE_STANDARD = gnu11;
				GCC_NO_COMMON_BLOCKS = YES;
				GCC_WARN_64_TO_32_BIT_CONVERSION = YES;
				GCC_WARN_ABOUT_RETURN_TYPE = YES_ERROR;
				GCC_WARN_UNDECLARED_SELECTOR = YES;
				GCC_WARN_UNINITIALIZED_AUTOS = YES_AGGRESSIVE;
				GCC_WARN_UNUSED_FUNCTION = YES;
				GCC_WARN_UNUSED_VARIABLE = YES;
				IPHONEOS_DEPLOYMENT_TARGET = 15.2;
				MTL_ENABLE_DEBUG_INFO = NO;
				MTL_FAST_MATH = YES;
				SDKROOT = iphoneos;
				SWIFT_COMPILATION_MODE = wholemodule;
				SWIFT_OPTIMIZATION_LEVEL = "-O";
				VALIDATE_PRODUCT = YES;
			};
			name = Release;
		};
		491BD6AB27BDE5F800B698C2 /* Debug */ = {
			isa = XCBuildConfiguration;
			buildSettings = {
				ASSETCATALOG_COMPILER_APPICON_NAME = AppIcon;
				ASSETCATALOG_COMPILER_GLOBAL_ACCENT_COLOR_NAME = AccentColor;
				CODE_SIGN_STYLE = Automatic;
				CURRENT_PROJECT_VERSION = 1;
				DEVELOPMENT_ASSET_PATHS = "\"Weather SwiftUI/Preview Content\"";
				DEVELOPMENT_TEAM = PB8XCD5RSV;
				ENABLE_PREVIEWS = YES;
				GENERATE_INFOPLIST_FILE = YES;
				INFOPLIST_KEY_UIApplicationSceneManifest_Generation = YES;
				INFOPLIST_KEY_UIApplicationSupportsIndirectInputEvents = YES;
				INFOPLIST_KEY_UILaunchScreen_Generation = YES;
				INFOPLIST_KEY_UISupportedInterfaceOrientations_iPad = "UIInterfaceOrientationPortrait UIInterfaceOrientationPortraitUpsideDown UIInterfaceOrientationLandscapeLeft UIInterfaceOrientationLandscapeRight";
				INFOPLIST_KEY_UISupportedInterfaceOrientations_iPhone = "UIInterfaceOrientationPortrait UIInterfaceOrientationLandscapeLeft UIInterfaceOrientationLandscapeRight";
				LD_RUNPATH_SEARCH_PATHS = (
					"$(inherited)",
					"@executable_path/Frameworks",
				);
				MARKETING_VERSION = 1.0;
				PRODUCT_BUNDLE_IDENTIFIER = "com.andrewhoang.Weather-SwiftUI";
				PRODUCT_NAME = "$(TARGET_NAME)";
				SWIFT_EMIT_LOC_STRINGS = YES;
				SWIFT_VERSION = 5.0;
				TARGETED_DEVICE_FAMILY = "1,2";
			};
			name = Debug;
		};
		491BD6AC27BDE5F800B698C2 /* Release */ = {
			isa = XCBuildConfiguration;
			buildSettings = {
				ASSETCATALOG_COMPILER_APPICON_NAME = AppIcon;
				ASSETCATALOG_COMPILER_GLOBAL_ACCENT_COLOR_NAME = AccentColor;
				CODE_SIGN_STYLE = Automatic;
				CURRENT_PROJECT_VERSION = 1;
				DEVELOPMENT_ASSET_PATHS = "\"Weather SwiftUI/Preview Content\"";
				DEVELOPMENT_TEAM = PB8XCD5RSV;
				ENABLE_PREVIEWS = YES;
				GENERATE_INFOPLIST_FILE = YES;
				INFOPLIST_KEY_UIApplicationSceneManifest_Generation = YES;
				INFOPLIST_KEY_UIApplicationSupportsIndirectInputEvents = YES;
				INFOPLIST_KEY_UILaunchScreen_Generation = YES;
				INFOPLIST_KEY_UISupportedInterfaceOrientations_iPad = "UIInterfaceOrientationPortrait UIInterfaceOrientationPortraitUpsideDown UIInterfaceOrientationLandscapeLeft UIInterfaceOrientationLandscapeRight";
				INFOPLIST_KEY_UISupportedInterfaceOrientations_iPhone = "UIInterfaceOrientationPortrait UIInterfaceOrientationLandscapeLeft UIInterfaceOrientationLandscapeRight";
				LD_RUNPATH_SEARCH_PATHS = (
					"$(inherited)",
					"@executable_path/Frameworks",
				);
				MARKETING_VERSION = 1.0;
				PRODUCT_BUNDLE_IDENTIFIER = "com.andrewhoang.Weather-SwiftUI";
				PRODUCT_NAME = "$(TARGET_NAME)";
				SWIFT_EMIT_LOC_STRINGS = YES;
				SWIFT_VERSION = 5.0;
				TARGETED_DEVICE_FAMILY = "1,2";
			};
			name = Release;
		};
		491BD6AE27BDE5F800B698C2 /* Debug */ = {
			isa = XCBuildConfiguration;
			buildSettings = {
				ALWAYS_EMBED_SWIFT_STANDARD_LIBRARIES = YES;
				BUNDLE_LOADER = "$(TEST_HOST)";
				CODE_SIGN_STYLE = Automatic;
				CURRENT_PROJECT_VERSION = 1;
				DEVELOPMENT_TEAM = PB8XCD5RSV;
				GENERATE_INFOPLIST_FILE = YES;
				IPHONEOS_DEPLOYMENT_TARGET = 15.2;
				MARKETING_VERSION = 1.0;
				PRODUCT_BUNDLE_IDENTIFIER = "com.andrewhoang.Weather-SwiftUITests";
				PRODUCT_NAME = "$(TARGET_NAME)";
				SWIFT_EMIT_LOC_STRINGS = NO;
				SWIFT_VERSION = 5.0;
				TARGETED_DEVICE_FAMILY = "1,2";
				TEST_HOST = "$(BUILT_PRODUCTS_DIR)/Weather SwiftUI.app/Weather SwiftUI";
			};
			name = Debug;
		};
		491BD6AF27BDE5F800B698C2 /* Release */ = {
			isa = XCBuildConfiguration;
			buildSettings = {
				ALWAYS_EMBED_SWIFT_STANDARD_LIBRARIES = YES;
				BUNDLE_LOADER = "$(TEST_HOST)";
				CODE_SIGN_STYLE = Automatic;
				CURRENT_PROJECT_VERSION = 1;
				DEVELOPMENT_TEAM = PB8XCD5RSV;
				GENERATE_INFOPLIST_FILE = YES;
				IPHONEOS_DEPLOYMENT_TARGET = 15.2;
				MARKETING_VERSION = 1.0;
				PRODUCT_BUNDLE_IDENTIFIER = "com.andrewhoang.Weather-SwiftUITests";
				PRODUCT_NAME = "$(TARGET_NAME)";
				SWIFT_EMIT_LOC_STRINGS = NO;
				SWIFT_VERSION = 5.0;
				TARGETED_DEVICE_FAMILY = "1,2";
				TEST_HOST = "$(BUILT_PRODUCTS_DIR)/Weather SwiftUI.app/Weather SwiftUI";
			};
			name = Release;
		};
		491BD6B127BDE5F800B698C2 /* Debug */ = {
			isa = XCBuildConfiguration;
			buildSettings = {
				ALWAYS_EMBED_SWIFT_STANDARD_LIBRARIES = YES;
				CODE_SIGN_STYLE = Automatic;
				CURRENT_PROJECT_VERSION = 1;
				DEVELOPMENT_TEAM = PB8XCD5RSV;
				GENERATE_INFOPLIST_FILE = YES;
				MARKETING_VERSION = 1.0;
				PRODUCT_BUNDLE_IDENTIFIER = "com.andrewhoang.Weather-SwiftUIUITests";
				PRODUCT_NAME = "$(TARGET_NAME)";
				SWIFT_EMIT_LOC_STRINGS = NO;
				SWIFT_VERSION = 5.0;
				TARGETED_DEVICE_FAMILY = "1,2";
				TEST_TARGET_NAME = "Weather SwiftUI";
			};
			name = Debug;
		};
		491BD6B227BDE5F800B698C2 /* Release */ = {
			isa = XCBuildConfiguration;
			buildSettings = {
				ALWAYS_EMBED_SWIFT_STANDARD_LIBRARIES = YES;
				CODE_SIGN_STYLE = Automatic;
				CURRENT_PROJECT_VERSION = 1;
				DEVELOPMENT_TEAM = PB8XCD5RSV;
				GENERATE_INFOPLIST_FILE = YES;
				MARKETING_VERSION = 1.0;
				PRODUCT_BUNDLE_IDENTIFIER = "com.andrewhoang.Weather-SwiftUIUITests";
				PRODUCT_NAME = "$(TARGET_NAME)";
				SWIFT_EMIT_LOC_STRINGS = NO;
				SWIFT_VERSION = 5.0;
				TARGETED_DEVICE_FAMILY = "1,2";
				TEST_TARGET_NAME = "Weather SwiftUI";
			};
			name = Release;
		};
/* End XCBuildConfiguration section */

/* Begin XCConfigurationList section */
		491BD68127BDE5F200B698C2 /* Build configuration list for PBXProject "Weather SwiftUI" */ = {
			isa = XCConfigurationList;
			buildConfigurations = (
				491BD6A827BDE5F800B698C2 /* Debug */,
				491BD6A927BDE5F800B698C2 /* Release */,
			);
			defaultConfigurationIsVisible = 0;
			defaultConfigurationName = Release;
		};
		491BD6AA27BDE5F800B698C2 /* Build configuration list for PBXNativeTarget "Weather SwiftUI" */ = {
			isa = XCConfigurationList;
			buildConfigurations = (
				491BD6AB27BDE5F800B698C2 /* Debug */,
				491BD6AC27BDE5F800B698C2 /* Release */,
			);
			defaultConfigurationIsVisible = 0;
			defaultConfigurationName = Release;
		};
		491BD6AD27BDE5F800B698C2 /* Build configuration list for PBXNativeTarget "Weather SwiftUITests" */ = {
			isa = XCConfigurationList;
			buildConfigurations = (
				491BD6AE27BDE5F800B698C2 /* Debug */,
				491BD6AF27BDE5F800B698C2 /* Release */,
			);
			defaultConfigurationIsVisible = 0;
			defaultConfigurationName = Release;
		};
		491BD6B027BDE5F800B698C2 /* Build configuration list for PBXNativeTarget "Weather SwiftUIUITests" */ = {
			isa = XCConfigurationList;
			buildConfigurations = (
				491BD6B127BDE5F800B698C2 /* Debug */,
				491BD6B227BDE5F800B698C2 /* Release */,
			);
			defaultConfigurationIsVisible = 0;
			defaultConfigurationName = Release;
		};
/* End XCConfigurationList section */
	};
	rootObject = 491BD67E27BDE5F200B698C2 /* Project object */;
}
